
Microsoft Visual Studio Solution File, Format Version 12.00
# Visual Studio Version 16
VisualStudioVersion = 16.0.30320.27
MinimumVisualStudioVersion = 10.0.40219.1
Project("{FAE04EC0-301F-11D3-BF4B-00C04F79EFBC}") = "Oefening2", "Oefening2\Oefening2.csproj", "{69F8012C-CF3B-431A-8198-38326FC5D0F8}"
EndProject
Project("{FAE04EC0-301F-11D3-BF4B-00C04F79EFBC}") = "Oefening1", "Oefening1\Oefening1.csproj", "{5FCEC5C6-2C85-48ED-813F-1E2E4E8F4C26}"
EndProject
Project("{FAE04EC0-301F-11D3-BF4B-00C04F79EFBC}") = "Oefening3", "Oefening3\Oefening3.csproj", "{00B9BEB2-5432-4B74-B898-5089B9361075}"
EndProject
Global
	GlobalSection(SolutionConfigurationPlatforms) = preSolution
		Debug|Any CPU = Debug|Any CPU
		Release|Any CPU = Release|Any CPU
	EndGlobalSection
	GlobalSection(ProjectConfigurationPlatforms) = postSolution
		{69F8012C-CF3B-431A-8198-38326FC5D0F8}.Debug|Any CPU.ActiveCfg = Debug|Any CPU
		{69F8012C-CF3B-431A-8198-38326FC5D0F8}.Debug|Any CPU.Build.0 = Debug|Any CPU
		{69F8012C-CF3B-431A-8198-38326FC5D0F8}.Release|Any CPU.ActiveCfg = Release|Any CPU
		{69F8012C-CF3B-431A-8198-38326FC5D0F8}.Release|Any CPU.Build.0 = Release|Any CPU
		{5FCEC5C6-2C85-48ED-813F-1E2E4E8F4C26}.Debug|Any CPU.ActiveCfg = Debug|Any CPU
		{5FCEC5C6-2C85-48ED-813F-1E2E4E8F4C26}.Debug|Any CPU.Build.0 = Debug|Any CPU
		{5FCEC5C6-2C85-48ED-813F-1E2E4E8F4C26}.Release|Any CPU.ActiveCfg = Release|Any CPU
		{5FCEC5C6-2C85-48ED-813F-1E2E4E8F4C26}.Release|Any CPU.Build.0 = Release|Any CPU
		{00B9BEB2-5432-4B74-B898-5089B9361075}.Debug|Any CPU.ActiveCfg = Debug|Any CPU
		{00B9BEB2-5432-4B74-B898-5089B9361075}.Debug|Any CPU.Build.0 = Debug|Any CPU
		{00B9BEB2-5432-4B74-B898-5089B9361075}.Release|Any CPU.ActiveCfg = Release|Any CPU
		{00B9BEB2-5432-4B74-B898-5089B9361075}.Release|Any CPU.Build.0 = Release|Any CPU
	EndGlobalSection
	GlobalSection(SolutionProperties) = preSolution
		HideSolutionNode = FALSE
	EndGlobalSection
	GlobalSection(ExtensibilityGlobals) = postSolution
		SolutionGuid = {1EBC8681-0B38-453F-9969-F052CEEF50F4}
	EndGlobalSection
EndGlobal
